PODS:
  - AFNetworking (3.2.1):
    - AFNetworking/NSURLSession (= 3.2.1)
    - AFNetworking/Reachability (= 3.2.1)
    - AFNetworking/Security (= 3.2.1)
    - AFNetworking/Serialization (= 3.2.1)
    - AFNetworking/UIKit (= 3.2.1)
  - AFNetworking/NSURLSession (3.2.1):
    - AFNetworking/Reachability
    - AFNetworking/Security
    - AFNetworking/Serialization
  - AFNetworking/Reachability (3.2.1)
  - AFNetworking/Security (3.2.1)
  - AFNetworking/Serialization (3.2.1)
  - AFNetworking/UIKit (3.2.1):
    - AFNetworking/NSURLSession
  - Alamofire (4.9.1)
  - CleanJSON (1.0.0)
  - Differentiator (4.0.1)
  - Kingfisher (4.10.1)
  - MBProgressHUD (1.1.0)
  - Moya (13.0.1):
    - Moya/Core (= 13.0.1)
  - Moya/Core (13.0.1):
    - Alamofire (~> 4.1)
    - Result (~> 4.1)
  - Qiniu (7.3.0)
  - Result (4.1.0)
  - RxCocoa (5.0.1):
    - RxRelay (~> 5)
    - RxSwift (~> 5)
  - RxDataSources (4.0.1):
    - Differentiator (~> 4.0)
    - RxCocoa (~> 5.0)
    - RxSwift (~> 5.0)
  - RxRelay (5.0.1):
    - RxSwift (~> 5)
  - RxSwift (5.0.1)

DEPENDENCIES:
  - AFNetworking (~> 3.2.1)
  - Alamofire
  - CleanJSON
  - Kingfisher
  - MBProgressHUD
  - Moya
  - Qiniu
  - RxCocoa
  - RxDataSources
  - RxSwift

SPEC REPOS:
  trunk:
    - AFNetworking
    - Alamofire
    - CleanJSON
    - Differentiator
    - Kingfisher
    - MBProgressHUD
    - Moya
    - Qiniu
    - Result
    - RxCocoa
    - RxDataSources
    - RxRelay
    - RxSwift

SPEC CHECKSUMS:
  AFNetworking: b6f891fdfaed196b46c7a83cf209e09697b94057
  Alamofire: 85e8a02c69d6020a0d734f6054870d7ecb75cf18
  CleanJSON: 702dd619e1329c6399a579aa19af311acf47e461
  Differentiator: 886080237d9f87f322641dedbc5be257061b0602
  Kingfisher: c148cd7b47ebde9989f6bc7c27dcaa79d81279a0
  MBProgressHUD: e7baa36a220447d8aeb12769bf0585582f3866d9
  Moya: f4a4b80ff2f8a4ffc208dfb31cd91636622fee6e
  Qiniu: a2fb1f87b40f52bc1f386d93c6d48aab09472eae
  Result: bd966fac789cc6c1563440b348ab2598cc24d5c7
  RxCocoa: e741b9749968e8a143e2b787f1dfbff2b63d0a5c
  RxDataSources: efee07fa4de48477eca0a4611e6d11e2da9c1114
  RxRelay: 89d54507f4fd4d969e6ec1d4bd7f3673640b4640
  RxSwift: e2dc62b366a3adf6a0be44ba9f405efd4c94e0c4

PODFILE CHECKSUM: ea6ba394f4794cb22298a0c5d291116dcc1de35e

COCOAPODS: 1.8.4
